
Microsoft Visual Studio Solution File, Format Version 12.00
# Visual Studio Version 17
VisualStudioVersion = 17.14.36518.9
MinimumVisualStudioVersion = 10.0.40219.1
Project("{FAE04EC0-301F-11D3-BF4B-00C04F79EFBC}") = "Bork_Dungeon_Crawler", "Bork_Dungeon_Crawler.csproj", "{B3D9F442-48BB-4B76-AE2F-B6C6151148A1}"
EndProject
Global
	GlobalSection(SolutionConfigurationPlatforms) = preSolution
		Debug|Any CPU = Debug|Any CPU
		Release|Any CPU = Release|Any CPU
	EndGlobalSection
	GlobalSection(ProjectConfigurationPlatforms) = postSolution
		{B3D9F442-48BB-4B76-AE2F-B6C6151148A1}.Debug|Any CPU.ActiveCfg = Debug|Any CPU
		{B3D9F442-48BB-4B76-AE2F-B6C6151148A1}.Debug|Any CPU.Build.0 = Debug|Any CPU
		{B3D9F442-48BB-4B76-AE2F-B6C6151148A1}.Release|Any CPU.ActiveCfg = Release|Any CPU
		{B3D9F442-48BB-4B76-AE2F-B6C6151148A1}.Release|Any CPU.Build.0 = Release|Any CPU
	EndGlobalSection
	GlobalSection(SolutionProperties) = preSolution
		HideSolutionNode = FALSE
	EndGlobalSection
	GlobalSection(ExtensibilityGlobals) = postSolution
		SolutionGuid = {907BF173-1A77-40BE-BF89-40FE66F699F7}
	EndGlobalSection
EndGlobal
